
Microsoft Visual Studio Solution File, Format Version 12.00
# Visual Studio Version 16
VisualStudioVersion = 16.0.30413.136
MinimumVisualStudioVersion = 10.0.40219.1
Project("{8BC9CEB8-8B4A-11D0-8D11-00A0C91BC942}") = "RA 9", "RA 9.vcxproj", "{6D5F6B5E-659C-4DBF-BB1F-B01DB4D78242}"
EndProject
Global
	GlobalSection(SolutionConfigurationPlatforms) = preSolution
		Debug|x64 = Debug|x64
		Debug|x86 = Debug|x86
		Release|x64 = Release|x64
		Release|x86 = Release|x86
	EndGlobalSection
	GlobalSection(ProjectConfigurationPlatforms) = postSolution
		{6D5F6B5E-659C-4DBF-BB1F-B01DB4D78242}.Debug|x64.ActiveCfg = Debug|x64
		{6D5F6B5E-659C-4DBF-BB1F-B01DB4D78242}.Debug|x64.Build.0 = Debug|x64
		{6D5F6B5E-659C-4DBF-BB1F-B01DB4D78242}.Debug|x86.ActiveCfg = Debug|Win32
		{6D5F6B5E-659C-4DBF-BB1F-B01DB4D78242}.Debug|x86.Build.0 = Debug|Win32
		{6D5F6B5E-659C-4DBF-BB1F-B01DB4D78242}.Release|x64.ActiveCfg = Release|x64
		{6D5F6B5E-659C-4DBF-BB1F-B01DB4D78242}.Release|x64.Build.0 = Release|x64
		{6D5F6B5E-659C-4DBF-BB1F-B01DB4D78242}.Release|x86.ActiveCfg = Release|Win32
		{6D5F6B5E-659C-4DBF-BB1F-B01DB4D78242}.Release|x86.Build.0 = Release|Win32
	EndGlobalSection
	GlobalSection(SolutionProperties) = preSolution
		HideSolutionNode = FALSE
	EndGlobalSection
	GlobalSection(ExtensibilityGlobals) = postSolution
		SolutionGuid = {299654B1-E43F-4660-BB57-0292B005C470}
	EndGlobalSection
EndGlobal
